<?xml version="1.0" encoding="UTF-8" standalone="yes" ?>
<CodeBlocks_project_file>
	<FileVersion major="1" minor="6" />
	<Project>
		<Option title="CG-Game" />
		<Option pch_mode="2" />
		<Option compiler="gcc-mingw32" />
		<Build>
			<Target title="Debug">
				<Option output="bin/debug/CG-Game" prefix_auto="1" extension_auto="1" />
				<Option working_dir="bin/debug" />
				<Option object_output="bin/obj/debug/" />
				<Option type="1" />
				<Option compiler="gcc-mingw32" />
				<ExtraCommands>
					<Add before='xcopy /Y /E /I /D &quot;$(PROJECT_DIR)assets&quot; &quot;bin\debug&quot;' />
					<Mode after="always" />
				</ExtraCommands>
			</Target>
			<Target title="Release">
				<Option output="bin/release/CG-Game" prefix_auto="1" extension_auto="1" />
				<Option working_dir="bin/release" />
				<Option object_output="bin/obj/release/" />
				<Option type="0" />
				<Option compiler="gcc-mingw32" />
				<ExtraCommands>
					<Add before='xcopy /Y /E /I /D &quot;$(PROJECT_DIR)assets&quot; &quot;bin\release&quot;' />
					<Mode after="always" />
				</ExtraCommands>
			</Target>
		</Build>
		<Compiler>
			<Add option="-std=c11" />
			<Add directory="$(#glut.include)" />
			<Add directory="$(PROJECT_DIR)/src" />
		</Compiler>
		<Linker>
			<Add library="freeglut" />
			<Add library="opengl32" />
			<Add library="glu32" />
			<Add library="winmm" />
			<Add library="gdi32" />
			<Add directory="$(#glut.lib)" />
		</Linker>
		<UnitsGlob directory="src" wildcard="" recursive="1" id="2161621352" addToProject="1">
			<Option target="Debug" />
			<Option target="Release" />
		</UnitsGlob>
		<Unit filename="src/ecs/component.c">
			<Option compilerVar="CC" />
			<Option glob="2161621352" />
		</Unit>
		<Unit filename="src/ecs/component.h">
			<Option glob="2161621352" />
		</Unit>
		<Unit filename="src/ecs/components/coin.c">
			<Option compilerVar="CC" />
			<Option glob="2161621352" />
		</Unit>
		<Unit filename="src/ecs/components/coin.h">
			<Option glob="2161621352" />
		</Unit>
		<Unit filename="src/ecs/components/model.c">
			<Option compilerVar="CC" />
			<Option glob="2161621352" />
		</Unit>
		<Unit filename="src/ecs/components/model.h">
			<Option glob="2161621352" />
		</Unit>
		<Unit filename="src/ecs/entity.c">
			<Option compilerVar="CC" />
			<Option glob="2161621352" />
		</Unit>
		<Unit filename="src/ecs/entity.h">
			<Option glob="2161621352" />
		</Unit>
		<Unit filename="src/ecs/system.c">
			<Option compilerVar="CC" />
			<Option glob="2161621352" />
		</Unit>
		<Unit filename="src/ecs/system.h">
			<Option glob="2161621352" />
		</Unit>
		<Unit filename="src/ecs/systems/hud.c">
			<Option compilerVar="CC" />
			<Option glob="2161621352" />
		</Unit>
		<Unit filename="src/ecs/systems/hud.h">
			<Option glob="2161621352" />
		</Unit>
		<Unit filename="src/ecs/systems/menu.c">
			<Option compilerVar="CC" />
			<Option glob="2161621352" />
		</Unit>
		<Unit filename="src/ecs/systems/menu.h">
			<Option glob="2161621352" />
		</Unit>
		<Unit filename="src/ecs/systems/ranking.c">
			<Option compilerVar="CC" />
			<Option glob="2161621352" />
		</Unit>
		<Unit filename="src/ecs/systems/ranking.h">
			<Option glob="2161621352" />
		</Unit>
		<Unit filename="src/game/obstacle.c">
			<Option compilerVar="CC" />
			<Option glob="2161621352" />
		</Unit>
		<Unit filename="src/game/obstacle.h">
			<Option glob="2161621352" />
		</Unit>
		<Unit filename="src/game/player.c">
			<Option compilerVar="CC" />
			<Option glob="2161621352" />
		</Unit>
		<Unit filename="src/game/player.h">
			<Option glob="2161621352" />
		</Unit>
		<Unit filename="src/game/state.c">
			<Option compilerVar="CC" />
			<Option glob="2161621352" />
		</Unit>
		<Unit filename="src/game/state.h">
			<Option glob="2161621352" />
		</Unit>
		<Unit filename="src/game/tree.c">
			<Option compilerVar="CC" />
			<Option glob="2161621352" />
		</Unit>
		<Unit filename="src/game/tree.h">
			<Option glob="2161621352" />
		</Unit>
		<Unit filename="src/game_objects/test.c">
			<Option compilerVar="CC" />
			<Option glob="2161621352" />
		</Unit>
		<Unit filename="src/game_objects/test.h">
			<Option glob="2161621352" />
		</Unit>
		<Unit filename="src/main.c">
			<Option compilerVar="CC" />
			<Option glob="2161621352" />
		</Unit>
		<Unit filename="src/stb_image.h">
			<Option glob="2161621352" />
		</Unit>
		<Unit filename="src/utils/basics.h">
			<Option glob="2161621352" />
		</Unit>
		<Unit filename="src/utils/print.c">
			<Option compilerVar="CC" />
			<Option glob="2161621352" />
		</Unit>
		<Unit filename="src/utils/print.h">
			<Option glob="2161621352" />
		</Unit>
		<Extensions>
			<editor_config active="1" use_tabs="0" tab_indents="1" tab_width="4" indent="4" eol_mode="2" />
		</Extensions>
	</Project>
</CodeBlocks_project_file>
